
Microsoft Visual Studio Solution File, Format Version 12.00
# Visual Studio Version 17
VisualStudioVersion = 17.0.31903.59
MinimumVisualStudioVersion = 10.0.40219.1
Project("{2150E333-8FDC-42A3-9474-1A3956D46DE8}") = "src", "src", "{F02CBF3D-E206-4C41-9063-5B6A3ED4CDBA}"
EndProject
Project("{FAE04EC0-301F-11D3-BF4B-00C04F79EFBC}") = "EmployeeCRM.Shared", "src\EmployeeCRM.Shared\EmployeeCRM.Shared.csproj", "{C874881F-04A3-4AB3-8BF6-D691DD993A68}"
EndProject
Project("{FAE04EC0-301F-11D3-BF4B-00C04F79EFBC}") = "EmployeeCRM.API", "src\EmployeeCRM.API\EmployeeCRM.API.csproj", "{603D8EF0-2FE1-45D1-B66E-FBD39FF7002A}"
EndProject
Project("{FAE04EC0-301F-11D3-BF4B-00C04F79EFBC}") = "EmployeeCRM.MVC", "src\EmployeeCRM.MVC\EmployeeCRM.MVC.csproj", "{471F075C-6AC1-42F3-B459-62273709E550}"
EndProject
Global
	GlobalSection(SolutionConfigurationPlatforms) = preSolution
		Debug|Any CPU = Debug|Any CPU
		Release|Any CPU = Release|Any CPU
	EndGlobalSection
	GlobalSection(SolutionProperties) = preSolution
		HideSolutionNode = FALSE
	EndGlobalSection
	GlobalSection(ProjectConfigurationPlatforms) = postSolution
		{C874881F-04A3-4AB3-8BF6-D691DD993A68}.Debug|Any CPU.ActiveCfg = Debug|Any CPU
		{C874881F-04A3-4AB3-8BF6-D691DD993A68}.Debug|Any CPU.Build.0 = Debug|Any CPU
		{C874881F-04A3-4AB3-8BF6-D691DD993A68}.Release|Any CPU.ActiveCfg = Release|Any CPU
		{C874881F-04A3-4AB3-8BF6-D691DD993A68}.Release|Any CPU.Build.0 = Release|Any CPU
		{603D8EF0-2FE1-45D1-B66E-FBD39FF7002A}.Debug|Any CPU.ActiveCfg = Debug|Any CPU
		{603D8EF0-2FE1-45D1-B66E-FBD39FF7002A}.Debug|Any CPU.Build.0 = Debug|Any CPU
		{603D8EF0-2FE1-45D1-B66E-FBD39FF7002A}.Release|Any CPU.ActiveCfg = Release|Any CPU
		{603D8EF0-2FE1-45D1-B66E-FBD39FF7002A}.Release|Any CPU.Build.0 = Release|Any CPU
		{471F075C-6AC1-42F3-B459-62273709E550}.Debug|Any CPU.ActiveCfg = Debug|Any CPU
		{471F075C-6AC1-42F3-B459-62273709E550}.Debug|Any CPU.Build.0 = Debug|Any CPU
		{471F075C-6AC1-42F3-B459-62273709E550}.Release|Any CPU.ActiveCfg = Release|Any CPU
		{471F075C-6AC1-42F3-B459-62273709E550}.Release|Any CPU.Build.0 = Release|Any CPU
	EndGlobalSection
	GlobalSection(NestedProjects) = preSolution
		{C874881F-04A3-4AB3-8BF6-D691DD993A68} = {F02CBF3D-E206-4C41-9063-5B6A3ED4CDBA}
		{603D8EF0-2FE1-45D1-B66E-FBD39FF7002A} = {F02CBF3D-E206-4C41-9063-5B6A3ED4CDBA}
		{471F075C-6AC1-42F3-B459-62273709E550} = {F02CBF3D-E206-4C41-9063-5B6A3ED4CDBA}
	EndGlobalSection
EndGlobal
